
Microsoft Visual Studio Solution File, Format Version 12.00
# Visual Studio Version 17
VisualStudioVersion = 17.5.33627.172
MinimumVisualStudioVersion = 10.0.40219.1
Project("{FAE04EC0-301F-11D3-BF4B-00C04F79EFBC}") = "ITCLib", "..\ITCLib\ITCLib\ITCLib.csproj", "{1F878409-8602-4DC3-A0CB-45CCCC21289E}"
EndProject
Project("{FAE04EC0-301F-11D3-BF4B-00C04F79EFBC}") = "DataAccessLayer", "..\DataAccessLayer\DataAccessLayer\DataAccessLayer.csproj", "{A95EC154-7009-4323-A432-1261B2CC7124}"
EndProject
Project("{FAE04EC0-301F-11D3-BF4B-00C04F79EFBC}") = "OpenXMLHelper", "..\OpenXMLHelper\OpenXMLHelper\OpenXMLHelper.csproj", "{4768A591-7669-4ABE-8F28-F02D43D475A2}"
EndProject
Project("{FAE04EC0-301F-11D3-BF4B-00C04F79EFBC}") = "SDIFrontEnd", "SDIFrontEnd\SDIFrontEnd.csproj", "{00D1C749-A270-488D-BB7A-B2B81C247E93}"
EndProject
Project("{FAE04EC0-301F-11D3-BF4B-00C04F79EFBC}") = "FormManager", "..\FormManager\FormManager\FormManager.csproj", "{FECE3520-C3A1-41A3-B812-43566538F0E2}"
EndProject
Project("{FAE04EC0-301F-11D3-BF4B-00C04F79EFBC}") = "ITCReportLib", "..\ITCReportLib\ITCReportLib\ITCReportLib.csproj", "{8CEB9CDE-9507-4909-B517-7437ED8F42FE}"
EndProject
Project("{FAE04EC0-301F-11D3-BF4B-00C04F79EFBC}") = "NullableBindingDateTimePicker", "..\..\..\..\users-nobackup\Downloads\NullableBindingDateTimePicker-master\NullableBindingDateTimePicker\NullableBindingDateTimePicker.csproj", "{E23F3F4B-18F1-4804-9867-C9180C4AF83D}"
EndProject
Project("{FAE04EC0-301F-11D3-BF4B-00C04F79EFBC}") = "WebTextEditor", "..\WebTextEditor\WebTextEditor\WebTextEditor.csproj", "{75A7520B-1534-4A7D-8A9C-E03B0D14C741}"
EndProject
Global
	GlobalSection(SolutionConfigurationPlatforms) = preSolution
		Debug|Any CPU = Debug|Any CPU
		Debug|x64 = Debug|x64
		Release|Any CPU = Release|Any CPU
		Release|x64 = Release|x64
	EndGlobalSection
	GlobalSection(ProjectConfigurationPlatforms) = postSolution
		{1F878409-8602-4DC3-A0CB-45CCCC21289E}.Debug|Any CPU.ActiveCfg = Debug|Any CPU
		{1F878409-8602-4DC3-A0CB-45CCCC21289E}.Debug|Any CPU.Build.0 = Debug|Any CPU
		{1F878409-8602-4DC3-A0CB-45CCCC21289E}.Debug|x64.ActiveCfg = Debug|Any CPU
		{1F878409-8602-4DC3-A0CB-45CCCC21289E}.Debug|x64.Build.0 = Debug|Any CPU
		{1F878409-8602-4DC3-A0CB-45CCCC21289E}.Release|Any CPU.ActiveCfg = Release|Any CPU
		{1F878409-8602-4DC3-A0CB-45CCCC21289E}.Release|Any CPU.Build.0 = Release|Any CPU
		{1F878409-8602-4DC3-A0CB-45CCCC21289E}.Release|x64.ActiveCfg = Release|Any CPU
		{1F878409-8602-4DC3-A0CB-45CCCC21289E}.Release|x64.Build.0 = Release|Any CPU
		{A95EC154-7009-4323-A432-1261B2CC7124}.Debug|Any CPU.ActiveCfg = Debug|Any CPU
		{A95EC154-7009-4323-A432-1261B2CC7124}.Debug|Any CPU.Build.0 = Debug|Any CPU
		{A95EC154-7009-4323-A432-1261B2CC7124}.Debug|x64.ActiveCfg = Debug|Any CPU
		{A95EC154-7009-4323-A432-1261B2CC7124}.Debug|x64.Build.0 = Debug|Any CPU
		{A95EC154-7009-4323-A432-1261B2CC7124}.Release|Any CPU.ActiveCfg = Release|Any CPU
		{A95EC154-7009-4323-A432-1261B2CC7124}.Release|Any CPU.Build.0 = Release|Any CPU
		{A95EC154-7009-4323-A432-1261B2CC7124}.Release|x64.ActiveCfg = Release|Any CPU
		{A95EC154-7009-4323-A432-1261B2CC7124}.Release|x64.Build.0 = Release|Any CPU
		{4768A591-7669-4ABE-8F28-F02D43D475A2}.Debug|Any CPU.ActiveCfg = Debug|Any CPU
		{4768A591-7669-4ABE-8F28-F02D43D475A2}.Debug|Any CPU.Build.0 = Debug|Any CPU
		{4768A591-7669-4ABE-8F28-F02D43D475A2}.Debug|x64.ActiveCfg = Debug|Any CPU
		{4768A591-7669-4ABE-8F28-F02D43D475A2}.Debug|x64.Build.0 = Debug|Any CPU
		{4768A591-7669-4ABE-8F28-F02D43D475A2}.Release|Any CPU.ActiveCfg = Release|Any CPU
		{4768A591-7669-4ABE-8F28-F02D43D475A2}.Release|Any CPU.Build.0 = Release|Any CPU
		{4768A591-7669-4ABE-8F28-F02D43D475A2}.Release|x64.ActiveCfg = Release|Any CPU
		{4768A591-7669-4ABE-8F28-F02D43D475A2}.Release|x64.Build.0 = Release|Any CPU
		{00D1C749-A270-488D-BB7A-B2B81C247E93}.Debug|Any CPU.ActiveCfg = Debug|Any CPU
		{00D1C749-A270-488D-BB7A-B2B81C247E93}.Debug|Any CPU.Build.0 = Debug|Any CPU
		{00D1C749-A270-488D-BB7A-B2B81C247E93}.Debug|x64.ActiveCfg = Debug|Any CPU
		{00D1C749-A270-488D-BB7A-B2B81C247E93}.Debug|x64.Build.0 = Debug|Any CPU
		{00D1C749-A270-488D-BB7A-B2B81C247E93}.Release|Any CPU.ActiveCfg = Release|Any CPU
		{00D1C749-A270-488D-BB7A-B2B81C247E93}.Release|Any CPU.Build.0 = Release|Any CPU
		{00D1C749-A270-488D-BB7A-B2B81C247E93}.Release|x64.ActiveCfg = Release|Any CPU
		{00D1C749-A270-488D-BB7A-B2B81C247E93}.Release|x64.Build.0 = Release|Any CPU
		{FECE3520-C3A1-41A3-B812-43566538F0E2}.Debug|Any CPU.ActiveCfg = Debug|Any CPU
		{FECE3520-C3A1-41A3-B812-43566538F0E2}.Debug|Any CPU.Build.0 = Debug|Any CPU
		{FECE3520-C3A1-41A3-B812-43566538F0E2}.Debug|x64.ActiveCfg = Debug|Any CPU
		{FECE3520-C3A1-41A3-B812-43566538F0E2}.Debug|x64.Build.0 = Debug|Any CPU
		{FECE3520-C3A1-41A3-B812-43566538F0E2}.Release|Any CPU.ActiveCfg = Release|Any CPU
		{FECE3520-C3A1-41A3-B812-43566538F0E2}.Release|Any CPU.Build.0 = Release|Any CPU
		{FECE3520-C3A1-41A3-B812-43566538F0E2}.Release|x64.ActiveCfg = Release|Any CPU
		{FECE3520-C3A1-41A3-B812-43566538F0E2}.Release|x64.Build.0 = Release|Any CPU
		{8CEB9CDE-9507-4909-B517-7437ED8F42FE}.Debug|Any CPU.ActiveCfg = Debug|Any CPU
		{8CEB9CDE-9507-4909-B517-7437ED8F42FE}.Debug|Any CPU.Build.0 = Debug|Any CPU
		{8CEB9CDE-9507-4909-B517-7437ED8F42FE}.Debug|x64.ActiveCfg = Debug|Any CPU
		{8CEB9CDE-9507-4909-B517-7437ED8F42FE}.Debug|x64.Build.0 = Debug|Any CPU
		{8CEB9CDE-9507-4909-B517-7437ED8F42FE}.Release|Any CPU.ActiveCfg = Release|Any CPU
		{8CEB9CDE-9507-4909-B517-7437ED8F42FE}.Release|Any CPU.Build.0 = Release|Any CPU
		{8CEB9CDE-9507-4909-B517-7437ED8F42FE}.Release|x64.ActiveCfg = Release|Any CPU
		{8CEB9CDE-9507-4909-B517-7437ED8F42FE}.Release|x64.Build.0 = Release|Any CPU
		{E23F3F4B-18F1-4804-9867-C9180C4AF83D}.Debug|Any CPU.ActiveCfg = Debug|Any CPU
		{E23F3F4B-18F1-4804-9867-C9180C4AF83D}.Debug|Any CPU.Build.0 = Debug|Any CPU
		{E23F3F4B-18F1-4804-9867-C9180C4AF83D}.Debug|x64.ActiveCfg = Debug|Any CPU
		{E23F3F4B-18F1-4804-9867-C9180C4AF83D}.Debug|x64.Build.0 = Debug|Any CPU
		{E23F3F4B-18F1-4804-9867-C9180C4AF83D}.Release|Any CPU.ActiveCfg = Release|Any CPU
		{E23F3F4B-18F1-4804-9867-C9180C4AF83D}.Release|Any CPU.Build.0 = Release|Any CPU
		{E23F3F4B-18F1-4804-9867-C9180C4AF83D}.Release|x64.ActiveCfg = Release|Any CPU
		{E23F3F4B-18F1-4804-9867-C9180C4AF83D}.Release|x64.Build.0 = Release|Any CPU
		{75A7520B-1534-4A7D-8A9C-E03B0D14C741}.Debug|Any CPU.ActiveCfg = Debug|Any CPU
		{75A7520B-1534-4A7D-8A9C-E03B0D14C741}.Debug|Any CPU.Build.0 = Debug|Any CPU
		{75A7520B-1534-4A7D-8A9C-E03B0D14C741}.Debug|x64.ActiveCfg = Debug|Any CPU
		{75A7520B-1534-4A7D-8A9C-E03B0D14C741}.Debug|x64.Build.0 = Debug|Any CPU
		{75A7520B-1534-4A7D-8A9C-E03B0D14C741}.Release|Any CPU.ActiveCfg = Release|Any CPU
		{75A7520B-1534-4A7D-8A9C-E03B0D14C741}.Release|Any CPU.Build.0 = Release|Any CPU
		{75A7520B-1534-4A7D-8A9C-E03B0D14C741}.Release|x64.ActiveCfg = Release|Any CPU
		{75A7520B-1534-4A7D-8A9C-E03B0D14C741}.Release|x64.Build.0 = Release|Any CPU
	EndGlobalSection
	GlobalSection(SolutionProperties) = preSolution
		HideSolutionNode = FALSE
	EndGlobalSection
	GlobalSection(ExtensibilityGlobals) = postSolution
		SolutionGuid = {F1956097-8A27-4FB9-B7C0-684E83E67964}
	EndGlobalSection
EndGlobal
